// !$*UTF8*$!
{
	archiveVersion = 1;
	classes = {
	};
	objectVersion = 51;
	objects = {

/* Begin PBXBuildFile section */
		B102F51324F0BEE6009C7806 /* User.swift in Sources */ = {isa = PBXBuildFile; fileRef = B102F51224F0BEE6009C7806 /* User.swift */; };
		B133A20924F2C76900CF829F /* Product.swift in Sources */ = {isa = PBXBuildFile; fileRef = B133A20824F2C76900CF829F /* Product.swift */; };
		B184FA2624EF3FBA0030C510 /* AppDelegate.swift in Sources */ = {isa = PBXBuildFile; fileRef = B184FA2524EF3FBA0030C510 /* AppDelegate.swift */; };
		B184FA2A24EF3FBA0030C510 /* MainViewController.swift in Sources */ = {isa = PBXBuildFile; fileRef = B184FA2924EF3FBA0030C510 /* MainViewController.swift */; };
		B184FA2D24EF3FBA0030C510 /* Main.storyboard in Resources */ = {isa = PBXBuildFile; fileRef = B184FA2B24EF3FBA0030C510 /* Main.storyboard */; };
		B184FA2F24EF3FBB0030C510 /* Assets.xcassets in Resources */ = {isa = PBXBuildFile; fileRef = B184FA2E24EF3FBB0030C510 /* Assets.xcassets */; };
		B184FA3224EF3FBB0030C510 /* LaunchScreen.storyboard in Resources */ = {isa = PBXBuildFile; fileRef = B184FA3024EF3FBB0030C510 /* LaunchScreen.storyboard */; };
		B184FA3B24EF495B0030C510 /* Account.storyboard in Resources */ = {isa = PBXBuildFile; fileRef = B184FA3A24EF495B0030C510 /* Account.storyboard */; };
		B184FA3D24EF56820030C510 /* RoundedEdgeView.swift in Sources */ = {isa = PBXBuildFile; fileRef = B184FA3C24EF56820030C510 /* RoundedEdgeView.swift */; };
		B184FA4024EF57660030C510 /* UIExtentions.swift in Sources */ = {isa = PBXBuildFile; fileRef = B184FA3F24EF57660030C510 /* UIExtentions.swift */; };
		B184FA4224EF5BC20030C510 /* SignInViewController.swift in Sources */ = {isa = PBXBuildFile; fileRef = B184FA4124EF5BC20030C510 /* SignInViewController.swift */; };
		B1A2E9FF24F30D6600FA9BD3 /* TransactionSuccessViewController.swift in Sources */ = {isa = PBXBuildFile; fileRef = B1A2E9FE24F30D6600FA9BD3 /* TransactionSuccessViewController.swift */; };
		B1A2EA0324F3205700FA9BD3 /* PaymentHistoryTableViewCell.swift in Sources */ = {isa = PBXBuildFile; fileRef = B1A2EA0124F3205700FA9BD3 /* PaymentHistoryTableViewCell.swift */; };
		B1A2EA0424F3205700FA9BD3 /* PaymentHistoryTableViewCell.xib in Resources */ = {isa = PBXBuildFile; fileRef = B1A2EA0224F3205700FA9BD3 /* PaymentHistoryTableViewCell.xib */; };
		B1A9CE7B24F17CF500B61776 /* SettingsManager.swift in Sources */ = {isa = PBXBuildFile; fileRef = B1A9CE7A24F17CF500B61776 /* SettingsManager.swift */; };
		B1A9CE7D24F1825500B61776 /* LoadingView.swift in Sources */ = {isa = PBXBuildFile; fileRef = B1A9CE7C24F1825500B61776 /* LoadingView.swift */; };
		B1A9CE8024F18FAC00B61776 /* PaymentWall.xcdatamodeld in Sources */ = {isa = PBXBuildFile; fileRef = B1A9CE7E24F18FAC00B61776 /* PaymentWall.xcdatamodeld */; };
		B1A9CE8E24F198B900B61776 /* Transactions+CoreDataProperties.swift in Sources */ = {isa = PBXBuildFile; fileRef = B1A9CE8A24F198B900B61776 /* Transactions+CoreDataProperties.swift */; };
		B1A9CE8F24F198B900B61776 /* Transactions+CoreDataClass.swift in Sources */ = {isa = PBXBuildFile; fileRef = B1A9CE8B24F198B900B61776 /* Transactions+CoreDataClass.swift */; };
		B1A9CE9024F198B900B61776 /* USERS+CoreDataProperties.swift in Sources */ = {isa = PBXBuildFile; fileRef = B1A9CE8C24F198B900B61776 /* USERS+CoreDataProperties.swift */; };
		B1A9CE9124F198B900B61776 /* USERS+CoreDataClass.swift in Sources */ = {isa = PBXBuildFile; fileRef = B1A9CE8D24F198B900B61776 /* USERS+CoreDataClass.swift */; };
		B1A9CE9324F19E0E00B61776 /* CoreDataHelper.swift in Sources */ = {isa = PBXBuildFile; fileRef = B1A9CE9224F19E0E00B61776 /* CoreDataHelper.swift */; };
		B1A9CE9524F1D77600B61776 /* QRScannerView.swift in Sources */ = {isa = PBXBuildFile; fileRef = B1A9CE9424F1D77600B61776 /* QRScannerView.swift */; };
		B1A9CE9724F1D79B00B61776 /* QRScannerViewController.swift in Sources */ = {isa = PBXBuildFile; fileRef = B1A9CE9624F1D79B00B61776 /* QRScannerViewController.swift */; };
		B1A9CE9924F1E8CF00B61776 /* SceneDelegate.swift in Sources */ = {isa = PBXBuildFile; fileRef = B1A9CE9824F1E8CE00B61776 /* SceneDelegate.swift */; };
		B1A9CE9B24F1F12C00B61776 /* PaymentDetailsViewController.swift in Sources */ = {isa = PBXBuildFile; fileRef = B1A9CE9A24F1F12C00B61776 /* PaymentDetailsViewController.swift */; };
		B1AC7A7E24F03BC0002788CE /* SignUpViewController.swift in Sources */ = {isa = PBXBuildFile; fileRef = B1AC7A7D24F03BC0002788CE /* SignUpViewController.swift */; };
		B1AC7A8224F03C53002788CE /* Validate.swift in Sources */ = {isa = PBXBuildFile; fileRef = B1AC7A8124F03C53002788CE /* Validate.swift */; };
		B1AC7A8624F03F1A002788CE /* Toast.swift in Sources */ = {isa = PBXBuildFile; fileRef = B1AC7A8524F03F1A002788CE /* Toast.swift */; };
		B1AC7A8824F03FDD002788CE /* Localizable.strings in Resources */ = {isa = PBXBuildFile; fileRef = B1AC7A8724F03FDD002788CE /* Localizable.strings */; };
		B1AC7A8A24F04048002788CE /* Pallete.swift in Sources */ = {isa = PBXBuildFile; fileRef = B1AC7A8924F04048002788CE /* Pallete.swift */; };
		B1B5D4A824F087690057C153 /* WalletViewController.swift in Sources */ = {isa = PBXBuildFile; fileRef = B1B5D4A724F087690057C153 /* WalletViewController.swift */; };
		B1B5D4AA24F08F840057C153 /* CircularImageView.swift in Sources */ = {isa = PBXBuildFile; fileRef = B1B5D4A924F08F840057C153 /* CircularImageView.swift */; };
		B1B5D4AC24F093720057C153 /* ProfileViewController.swift in Sources */ = {isa = PBXBuildFile; fileRef = B1B5D4AB24F093720057C153 /* ProfileViewController.swift */; };
		EA42DDAB602A530B66D0BF81 /* Pods_PaymentWallTask.framework in Frameworks */ = {isa = PBXBuildFile; fileRef = 61BD3B7D906AA8D7B70D47D1 /* Pods_PaymentWallTask.framework */; };
/* End PBXBuildFile section */

/* Begin PBXFileReference section */
		09BB050F67F4292152B80936 /* Pods-PaymentWallTask.debug.xcconfig */ = {isa = PBXFileReference; includeInIndex = 1; lastKnownFileType = text.xcconfig; name = "Pods-PaymentWallTask.debug.xcconfig"; path = "Target Support Files/Pods-PaymentWallTask/Pods-PaymentWallTask.debug.xcconfig"; sourceTree = "<group>"; };
		55AB58265DB91DA8551FA5D1 /* Pods-PaymentWallTask.release.xcconfig */ = {isa = PBXFileReference; includeInIndex = 1; lastKnownFileType = text.xcconfig; name = "Pods-PaymentWallTask.release.xcconfig"; path = "Target Support Files/Pods-PaymentWallTask/Pods-PaymentWallTask.release.xcconfig"; sourceTree = "<group>"; };
		61BD3B7D906AA8D7B70D47D1 /* Pods_PaymentWallTask.framework */ = {isa = PBXFileReference; explicitFileType = wrapper.framework; includeInIndex = 0; path = Pods_PaymentWallTask.framework; sourceTree = BUILT_PRODUCTS_DIR; };
		B102F51224F0BEE6009C7806 /* User.swift */ = {isa = PBXFileReference; lastKnownFileType = sourcecode.swift; path = User.swift; sourceTree = "<group>"; };
		B133A20824F2C76900CF829F /* Product.swift */ = {isa = PBXFileReference; lastKnownFileType = sourcecode.swift; path = Product.swift; sourceTree = "<group>"; };
		B184FA2224EF3FBA0030C510 /* PaymentWallTask.app */ = {isa = PBXFileReference; explicitFileType = wrapper.application; includeInIndex = 0; path = PaymentWallTask.app; sourceTree = BUILT_PRODUCTS_DIR; };
		B184FA2524EF3FBA0030C510 /* AppDelegate.swift */ = {isa = PBXFileReference; lastKnownFileType = sourcecode.swift; path = AppDelegate.swift; sourceTree = "<group>"; };
		B184FA2924EF3FBA0030C510 /* MainViewController.swift */ = {isa = PBXFileReference; lastKnownFileType = sourcecode.swift; path = MainViewController.swift; sourceTree = "<group>"; };
		B184FA2C24EF3FBA0030C510 /* Base */ = {isa = PBXFileReference; lastKnownFileType = file.storyboard; name = Base; path = Base.lproj/Main.storyboard; sourceTree = "<group>"; };
		B184FA2E24EF3FBB0030C510 /* Assets.xcassets */ = {isa = PBXFileReference; lastKnownFileType = folder.assetcatalog; path = Assets.xcassets; sourceTree = "<group>"; };
		B184FA3124EF3FBB0030C510 /* Base */ = {isa = PBXFileReference; lastKnownFileType = file.storyboard; name = Base; path = Base.lproj/LaunchScreen.storyboard; sourceTree = "<group>"; };
		B184FA3324EF3FBB0030C510 /* Info.plist */ = {isa = PBXFileReference; lastKnownFileType = text.plist.xml; path = Info.plist; sourceTree = "<group>"; };
		B184FA3A24EF495B0030C510 /* Account.storyboard */ = {isa = PBXFileReference; lastKnownFileType = file.storyboard; path = Account.storyboard; sourceTree = "<group>"; };
		B184FA3C24EF56820030C510 /* RoundedEdgeView.swift */ = {isa = PBXFileReference; lastKnownFileType = sourcecode.swift; path = RoundedEdgeView.swift; sourceTree = "<group>"; };
		B184FA3F24EF57660030C510 /* UIExtentions.swift */ = {isa = PBXFileReference; lastKnownFileType = sourcecode.swift; path = UIExtentions.swift; sourceTree = "<group>"; };
		B184FA4124EF5BC20030C510 /* SignInViewController.swift */ = {isa = PBXFileReference; lastKnownFileType = sourcecode.swift; path = SignInViewController.swift; sourceTree = "<group>"; };
		B1A2E9FE24F30D6600FA9BD3 /* TransactionSuccessViewController.swift */ = {isa = PBXFileReference; lastKnownFileType = sourcecode.swift; path = TransactionSuccessViewController.swift; sourceTree = "<group>"; };
		B1A2EA0124F3205700FA9BD3 /* PaymentHistoryTableViewCell.swift */ = {isa = PBXFileReference; lastKnownFileType = sourcecode.swift; path = PaymentHistoryTableViewCell.swift; sourceTree = "<group>"; };
		B1A2EA0224F3205700FA9BD3 /* PaymentHistoryTableViewCell.xib */ = {isa = PBXFileReference; lastKnownFileType = file.xib; path = PaymentHistoryTableViewCell.xib; sourceTree = "<group>"; };
		B1A9CE7A24F17CF500B61776 /* SettingsManager.swift */ = {isa = PBXFileReference; lastKnownFileType = sourcecode.swift; path = SettingsManager.swift; sourceTree = "<group>"; };
		B1A9CE7C24F1825500B61776 /* LoadingView.swift */ = {isa = PBXFileReference; lastKnownFileType = sourcecode.swift; path = LoadingView.swift; sourceTree = "<group>"; };
		B1A9CE7F24F18FAC00B61776 /* PaymentWall.xcdatamodel */ = {isa = PBXFileReference; lastKnownFileType = wrapper.xcdatamodel; path = PaymentWall.xcdatamodel; sourceTree = "<group>"; };
		B1A9CE8A24F198B900B61776 /* Transactions+CoreDataProperties.swift */ = {isa = PBXFileReference; fileEncoding = 4; lastKnownFileType = sourcecode.swift; path = "Transactions+CoreDataProperties.swift"; sourceTree = "<group>"; };
		B1A9CE8B24F198B900B61776 /* Transactions+CoreDataClass.swift */ = {isa = PBXFileReference; fileEncoding = 4; lastKnownFileType = sourcecode.swift; path = "Transactions+CoreDataClass.swift"; sourceTree = "<group>"; };
		B1A9CE8C24F198B900B61776 /* USERS+CoreDataProperties.swift */ = {isa = PBXFileReference; fileEncoding = 4; lastKnownFileType = sourcecode.swift; path = "USERS+CoreDataProperties.swift"; sourceTree = "<group>"; };
		B1A9CE8D24F198B900B61776 /* USERS+CoreDataClass.swift */ = {isa = PBXFileReference; fileEncoding = 4; lastKnownFileType = sourcecode.swift; path = "USERS+CoreDataClass.swift"; sourceTree = "<group>"; };
		B1A9CE9224F19E0E00B61776 /* CoreDataHelper.swift */ = {isa = PBXFileReference; lastKnownFileType = sourcecode.swift; path = CoreDataHelper.swift; sourceTree = "<group>"; };
		B1A9CE9424F1D77600B61776 /* QRScannerView.swift */ = {isa = PBXFileReference; lastKnownFileType = sourcecode.swift; path = QRScannerView.swift; sourceTree = "<group>"; };
		B1A9CE9624F1D79B00B61776 /* QRScannerViewController.swift */ = {isa = PBXFileReference; lastKnownFileType = sourcecode.swift; path = QRScannerViewController.swift; sourceTree = "<group>"; };
		B1A9CE9824F1E8CE00B61776 /* SceneDelegate.swift */ = {isa = PBXFileReference; fileEncoding = 4; lastKnownFileType = sourcecode.swift; path = SceneDelegate.swift; sourceTree = "<group>"; };
		B1A9CE9A24F1F12C00B61776 /* PaymentDetailsViewController.swift */ = {isa = PBXFileReference; lastKnownFileType = sourcecode.swift; path = PaymentDetailsViewController.swift; sourceTree = "<group>"; };
		B1AC7A7D24F03BC0002788CE /* SignUpViewController.swift */ = {isa = PBXFileReference; lastKnownFileType = sourcecode.swift; path = SignUpViewController.swift; sourceTree = "<group>"; };
		B1AC7A8124F03C53002788CE /* Validate.swift */ = {isa = PBXFileReference; lastKnownFileType = sourcecode.swift; path = Validate.swift; sourceTree = "<group>"; };
		B1AC7A8524F03F1A002788CE /* Toast.swift */ = {isa = PBXFileReference; lastKnownFileType = sourcecode.swift; path = Toast.swift; sourceTree = "<group>"; };
		B1AC7A8724F03FDD002788CE /* Localizable.strings */ = {isa = PBXFileReference; lastKnownFileType = text.plist.strings; path = Localizable.strings; sourceTree = "<group>"; };
		B1AC7A8924F04048002788CE /* Pallete.swift */ = {isa = PBXFileReference; lastKnownFileType = sourcecode.swift; path = Pallete.swift; sourceTree = "<group>"; };
		B1B5D4A724F087690057C153 /* WalletViewController.swift */ = {isa = PBXFileReference; lastKnownFileType = sourcecode.swift; path = WalletViewController.swift; sourceTree = "<group>"; };
		B1B5D4A924F08F840057C153 /* CircularImageView.swift */ = {isa = PBXFileReference; lastKnownFileType = sourcecode.swift; path = CircularImageView.swift; sourceTree = "<group>"; };
		B1B5D4AB24F093720057C153 /* ProfileViewController.swift */ = {isa = PBXFileReference; lastKnownFileType = sourcecode.swift; path = ProfileViewController.swift; sourceTree = "<group>"; };
/* End PBXFileReference section */

/* Begin PBXFrameworksBuildPhase section */
		B184FA1F24EF3FBA0030C510 /* Frameworks */ = {
			isa = PBXFrameworksBuildPhase;
			buildActionMask = 2147483647;
			files = (
				EA42DDAB602A530B66D0BF81 /* Pods_PaymentWallTask.framework in Frameworks */,
			);
			runOnlyForDeploymentPostprocessing = 0;
		};
/* End PBXFrameworksBuildPhase section */

/* Begin PBXGroup section */
		044893ACDB8864F37D7006CA /* Frameworks */ = {
			isa = PBXGroup;
			children = (
				61BD3B7D906AA8D7B70D47D1 /* Pods_PaymentWallTask.framework */,
			);
			name = Frameworks;
			sourceTree = "<group>";
		};
		B102F51124F0BED6009C7806 /* Models */ = {
			isa = PBXGroup;
			children = (
				B102F51224F0BEE6009C7806 /* User.swift */,
				B133A20824F2C76900CF829F /* Product.swift */,
			);
			path = Models;
			sourceTree = "<group>";
		};
		B184FA1924EF3FBA0030C510 = {
			isa = PBXGroup;
			children = (
				B184FA2424EF3FBA0030C510 /* PaymentWallTask */,
				B184FA2324EF3FBA0030C510 /* Products */,
				D8EC71B0E7DB53D487203279 /* Pods */,
				044893ACDB8864F37D7006CA /* Frameworks */,
			);
			sourceTree = "<group>";
		};
		B184FA2324EF3FBA0030C510 /* Products */ = {
			isa = PBXGroup;
			children = (
				B184FA2224EF3FBA0030C510 /* PaymentWallTask.app */,
			);
			name = Products;
			sourceTree = "<group>";
		};
		B184FA2424EF3FBA0030C510 /* PaymentWallTask */ = {
			isa = PBXGroup;
			children = (
				B1A2EA0024F3202500FA9BD3 /* Cells */,
				B102F51124F0BED6009C7806 /* Models */,
				B1AC7A8024F03C2C002788CE /* Utils */,
				B1AC7A7F24F03BE7002788CE /* Storage */,
				B184FA3E24EF56880030C510 /* Widgets */,
				B184FA3924EF494C0030C510 /* Account */,
				B1AC7A8B24F05096002788CE /* Main */,
				B184FA2524EF3FBA0030C510 /* AppDelegate.swift */,
				B1A9CE9824F1E8CE00B61776 /* SceneDelegate.swift */,
				B184FA2E24EF3FBB0030C510 /* Assets.xcassets */,
				B184FA3024EF3FBB0030C510 /* LaunchScreen.storyboard */,
				B184FA3324EF3FBB0030C510 /* Info.plist */,
				B1AC7A8724F03FDD002788CE /* Localizable.strings */,
				B1A9CE7E24F18FAC00B61776 /* PaymentWall.xcdatamodeld */,
			);
			path = PaymentWallTask;
			sourceTree = "<group>";
		};
		B184FA3924EF494C0030C510 /* Account */ = {
			isa = PBXGroup;
			children = (
				B184FA3A24EF495B0030C510 /* Account.storyboard */,
				B184FA4124EF5BC20030C510 /* SignInViewController.swift */,
				B1AC7A7D24F03BC0002788CE /* SignUpViewController.swift */,
			);
			path = Account;
			sourceTree = "<group>";
		};
		B184FA3E24EF56880030C510 /* Widgets */ = {
			isa = PBXGroup;
			children = (
				B184FA3C24EF56820030C510 /* RoundedEdgeView.swift */,
				B184FA3F24EF57660030C510 /* UIExtentions.swift */,
				B1AC7A8924F04048002788CE /* Pallete.swift */,
				B1B5D4A924F08F840057C153 /* CircularImageView.swift */,
				B1A9CE7C24F1825500B61776 /* LoadingView.swift */,
				B1A9CE9424F1D77600B61776 /* QRScannerView.swift */,
			);
			path = Widgets;
			sourceTree = "<group>";
		};
		B1A2EA0024F3202500FA9BD3 /* Cells */ = {
			isa = PBXGroup;
			children = (
				B1A2EA0124F3205700FA9BD3 /* PaymentHistoryTableViewCell.swift */,
				B1A2EA0224F3205700FA9BD3 /* PaymentHistoryTableViewCell.xib */,
			);
			path = Cells;
			sourceTree = "<group>";
		};
		B1A9CE8124F197A800B61776 /* CoreDataModels */ = {
			isa = PBXGroup;
			children = (
				B1A9CE8B24F198B900B61776 /* Transactions+CoreDataClass.swift */,
				B1A9CE8A24F198B900B61776 /* Transactions+CoreDataProperties.swift */,
				B1A9CE8D24F198B900B61776 /* USERS+CoreDataClass.swift */,
				B1A9CE8C24F198B900B61776 /* USERS+CoreDataProperties.swift */,
			);
			path = CoreDataModels;
			sourceTree = "<group>";
		};
		B1AC7A7F24F03BE7002788CE /* Storage */ = {
			isa = PBXGroup;
			children = (
				B1A9CE8124F197A800B61776 /* CoreDataModels */,
				B1A9CE7A24F17CF500B61776 /* SettingsManager.swift */,
				B1A9CE9224F19E0E00B61776 /* CoreDataHelper.swift */,
			);
			path = Storage;
			sourceTree = "<group>";
		};
		B1AC7A8024F03C2C002788CE /* Utils */ = {
			isa = PBXGroup;
			children = (
				B1AC7A8124F03C53002788CE /* Validate.swift */,
				B1AC7A8524F03F1A002788CE /* Toast.swift */,
			);
			path = Utils;
			sourceTree = "<group>";
		};
		B1AC7A8B24F05096002788CE /* Main */ = {
			isa = PBXGroup;
			children = (
				B184FA2B24EF3FBA0030C510 /* Main.storyboard */,
				B184FA2924EF3FBA0030C510 /* MainViewController.swift */,
				B1B5D4A724F087690057C153 /* WalletViewController.swift */,
				B1A9CE9624F1D79B00B61776 /* QRScannerViewController.swift */,
				B1B5D4AB24F093720057C153 /* ProfileViewController.swift */,
				B1A9CE9A24F1F12C00B61776 /* PaymentDetailsViewController.swift */,
				B1A2E9FE24F30D6600FA9BD3 /* TransactionSuccessViewController.swift */,
			);
			path = Main;
			sourceTree = "<group>";
		};
		D8EC71B0E7DB53D487203279 /* Pods */ = {
			isa = PBXGroup;
			children = (
				09BB050F67F4292152B80936 /* Pods-PaymentWallTask.debug.xcconfig */,
				55AB58265DB91DA8551FA5D1 /* Pods-PaymentWallTask.release.xcconfig */,
			);
			path = Pods;
			sourceTree = "<group>";
		};
/* End PBXGroup section */

/* Begin PBXNativeTarget section */
		B184FA2124EF3FBA0030C510 /* PaymentWallTask */ = {
			isa = PBXNativeTarget;
			buildConfigurationList = B184FA3624EF3FBB0030C510 /* Build configuration list for PBXNativeTarget "PaymentWallTask" */;
			buildPhases = (
				3256F6B9C48827575BBC6F71 /* [CP] Check Pods Manifest.lock */,
				B184FA1E24EF3FBA0030C510 /* Sources */,
				B184FA1F24EF3FBA0030C510 /* Frameworks */,
				B184FA2024EF3FBA0030C510 /* Resources */,
				BBB33D30A6FE069069737924 /* [CP] Embed Pods Frameworks */,
			);
			buildRules = (
			);
			dependencies = (
			);
			name = PaymentWallTask;
			productName = PaymentWallTask;
			productReference = B184FA2224EF3FBA0030C510 /* PaymentWallTask.app */;
			productType = "com.apple.product-type.application";
		};
/* End PBXNativeTarget section */

/* Begin PBXProject section */
		B184FA1A24EF3FBA0030C510 /* Project object */ = {
			isa = PBXProject;
			attributes = {
				LastSwiftUpdateCheck = 1160;
				LastUpgradeCheck = 1160;
				ORGANIZATIONNAME = PaymentWall;
				TargetAttributes = {
					B184FA2124EF3FBA0030C510 = {
						CreatedOnToolsVersion = 11.6;
					};
				};
			};
			buildConfigurationList = B184FA1D24EF3FBA0030C510 /* Build configuration list for PBXProject "PaymentWallTask" */;
			compatibilityVersion = "Xcode 9.3";
			developmentRegion = en;
			hasScannedForEncodings = 0;
			knownRegions = (
				en,
				Base,
			);
			mainGroup = B184FA1924EF3FBA0030C510;
			productRefGroup = B184FA2324EF3FBA0030C510 /* Products */;
			projectDirPath = "";
			projectRoot = "";
			targets = (
				B184FA2124EF3FBA0030C510 /* PaymentWallTask */,
			);
		};
/* End PBXProject section */

/* Begin PBXResourcesBuildPhase section */
		B184FA2024EF3FBA0030C510 /* Resources */ = {
			isa = PBXResourcesBuildPhase;
			buildActionMask = 2147483647;
			files = (
				B184FA3224EF3FBB0030C510 /* LaunchScreen.storyboard in Resources */,
				B1A2EA0424F3205700FA9BD3 /* PaymentHistoryTableViewCell.xib in Resources */,
				B184FA2F24EF3FBB0030C510 /* Assets.xcassets in Resources */,
				B1AC7A8824F03FDD002788CE /* Localizable.strings in Resources */,
				B184FA3B24EF495B0030C510 /* Account.storyboard in Resources */,
				B184FA2D24EF3FBA0030C510 /* Main.storyboard in Resources */,
			);
			runOnlyForDeploymentPostprocessing = 0;
		};
/* End PBXResourcesBuildPhase section */

/* Begin PBXShellScriptBuildPhase section */
		3256F6B9C48827575BBC6F71 /* [CP] Check Pods Manifest.lock */ = {
			isa = PBXShellScriptBuildPhase;
			buildActionMask = 2147483647;
			files = (
			);
			inputFileListPaths = (
			);
			inputPaths = (
				"${PODS_PODFILE_DIR_PATH}/Podfile.lock",
				"${PODS_ROOT}/Manifest.lock",
			);
			name = "[CP] Check Pods Manifest.lock";
			outputFileListPaths = (
			);
			outputPaths = (
				"$(DERIVED_FILE_DIR)/Pods-PaymentWallTask-checkManifestLockResult.txt",
			);
			runOnlyForDeploymentPostprocessing = 0;
			shellPath = /bin/sh;
			shellScript = "diff \"${PODS_PODFILE_DIR_PATH}/Podfile.lock\" \"${PODS_ROOT}/Manifest.lock\" > /dev/null\nif [ $? != 0 ] ; then\n    # print error to STDERR\n    echo \"error: The sandbox is not in sync with the Podfile.lock. Run 'pod install' or update your CocoaPods installation.\" >&2\n    exit 1\nfi\n# This output is used by Xcode 'outputs' to avoid re-running this script phase.\necho \"SUCCESS\" > \"${SCRIPT_OUTPUT_FILE_0}\"\n";
			showEnvVarsInLog = 0;
		};
		BBB33D30A6FE069069737924 /* [CP] Embed Pods Frameworks */ = {
			isa = PBXShellScriptBuildPhase;
			buildActionMask = 2147483647;
			files = (
			);
			inputFileListPaths = (
				"${PODS_ROOT}/Target Support Files/Pods-PaymentWallTask/Pods-PaymentWallTask-frameworks-${CONFIGURATION}-input-files.xcfilelist",
			);
			name = "[CP] Embed Pods Frameworks";
			outputFileListPaths = (
				"${PODS_ROOT}/Target Support Files/Pods-PaymentWallTask/Pods-PaymentWallTask-frameworks-${CONFIGURATION}-output-files.xcfilelist",
			);
			runOnlyForDeploymentPostprocessing = 0;
			shellPath = /bin/sh;
			shellScript = "\"${PODS_ROOT}/Target Support Files/Pods-PaymentWallTask/Pods-PaymentWallTask-frameworks.sh\"\n";
			showEnvVarsInLog = 0;
		};
/* End PBXShellScriptBuildPhase section */

/* Begin PBXSourcesBuildPhase section */
		B184FA1E24EF3FBA0030C510 /* Sources */ = {
			isa = PBXSourcesBuildPhase;
			buildActionMask = 2147483647;
			files = (
				B184FA2A24EF3FBA0030C510 /* MainViewController.swift in Sources */,
				B1A9CE9324F19E0E00B61776 /* CoreDataHelper.swift in Sources */,
				B1A9CE9124F198B900B61776 /* USERS+CoreDataClass.swift in Sources */,
				B1A9CE9024F198B900B61776 /* USERS+CoreDataProperties.swift in Sources */,
				B1AC7A7E24F03BC0002788CE /* SignUpViewController.swift in Sources */,
				B184FA3D24EF56820030C510 /* RoundedEdgeView.swift in Sources */,
				B1A9CE9524F1D77600B61776 /* QRScannerView.swift in Sources */,
				B1A9CE7D24F1825500B61776 /* LoadingView.swift in Sources */,
				B102F51324F0BEE6009C7806 /* User.swift in Sources */,
				B1A2EA0324F3205700FA9BD3 /* PaymentHistoryTableViewCell.swift in Sources */,
				B1A9CE8024F18FAC00B61776 /* PaymentWall.xcdatamodeld in Sources */,
				B1AC7A8224F03C53002788CE /* Validate.swift in Sources */,
				B1A9CE8E24F198B900B61776 /* Transactions+CoreDataProperties.swift in Sources */,
				B1B5D4AC24F093720057C153 /* ProfileViewController.swift in Sources */,
				B184FA4224EF5BC20030C510 /* SignInViewController.swift in Sources */,
				B1B5D4A824F087690057C153 /* WalletViewController.swift in Sources */,
				B184FA2624EF3FBA0030C510 /* AppDelegate.swift in Sources */,
				B184FA4024EF57660030C510 /* UIExtentions.swift in Sources */,
				B1AC7A8A24F04048002788CE /* Pallete.swift in Sources */,
				B1A9CE9B24F1F12C00B61776 /* PaymentDetailsViewController.swift in Sources */,
				B1A9CE7B24F17CF500B61776 /* SettingsManager.swift in Sources */,
				B1A9CE8F24F198B900B61776 /* Transactions+CoreDataClass.swift in Sources */,
				B1A9CE9724F1D79B00B61776 /* QRScannerViewController.swift in Sources */,
				B1AC7A8624F03F1A002788CE /* Toast.swift in Sources */,
				B1B5D4AA24F08F840057C153 /* CircularImageView.swift in Sources */,
				B1A2E9FF24F30D6600FA9BD3 /* TransactionSuccessViewController.swift in Sources */,
				B1A9CE9924F1E8CF00B61776 /* SceneDelegate.swift in Sources */,
				B133A20924F2C76900CF829F /* Product.swift in Sources */,
			);
			runOnlyForDeploymentPostprocessing = 0;
		};
/* End PBXSourcesBuildPhase section */

/* Begin PBXVariantGroup section */
		B184FA2B24EF3FBA0030C510 /* Main.storyboard */ = {
			isa = PBXVariantGroup;
			children = (
				B184FA2C24EF3FBA0030C510 /* Base */,
			);
			name = Main.storyboard;
			sourceTree = "<group>";
		};
		B184FA3024EF3FBB0030C510 /* LaunchScreen.storyboard */ = {
			isa = PBXVariantGroup;
			children = (
				B184FA3124EF3FBB0030C510 /* Base */,
			);
			name = LaunchScreen.storyboard;
			sourceTree = "<group>";
		};
/* End PBXVariantGroup section */

/* Begin XCBuildConfiguration section */
		B184FA3424EF3FBB0030C510 /* Debug */ = {
			isa = XCBuildConfiguration;
			buildSettings = {
				ALWAYS_SEARCH_USER_PATHS = NO;
				CLANG_ANALYZER_NONNULL = YES;
				CLANG_ANALYZER_NUMBER_OBJECT_CONVERSION = YES_AGGRESSIVE;
				CLANG_CXX_LANGUAGE_STANDARD = "gnu++14";
				CLANG_CXX_LIBRARY = "libc++";
				CLANG_ENABLE_MODULES = YES;
				CLANG_ENABLE_OBJC_ARC = YES;
				CLANG_ENABLE_OBJC_WEAK = YES;
				CLANG_WARN_BLOCK_CAPTURE_AUTORELEASING = YES;
				CLANG_WARN_BOOL_CONVERSION = YES;
				CLANG_WARN_COMMA = YES;
				CLANG_WARN_CONSTANT_CONVERSION = YES;
				CLANG_WARN_DEPRECATED_OBJC_IMPLEMENTATIONS = YES;
				CLANG_WARN_DIRECT_OBJC_ISA_USAGE = YES_ERROR;
				CLANG_WARN_DOCUMENTATION_COMMENTS = YES;
				CLANG_WARN_EMPTY_BODY = YES;
				CLANG_WARN_ENUM_CONVERSION = YES;
				CLANG_WARN_INFINITE_RECURSION = YES;
				CLANG_WARN_INT_CONVERSION = YES;
				CLANG_WARN_NON_LITERAL_NULL_CONVERSION = YES;
				CLANG_WARN_OBJC_IMPLICIT_RETAIN_SELF = YES;
				CLANG_WARN_OBJC_LITERAL_CONVERSION = YES;
				CLANG_WARN_OBJC_ROOT_CLASS = YES_ERROR;
				CLANG_WARN_RANGE_LOOP_ANALYSIS = YES;
				CLANG_WARN_STRICT_PROTOTYPES = YES;
				CLANG_WARN_SUSPICIOUS_MOVE = YES;
				CLANG_WARN_UNGUARDED_AVAILABILITY = YES_AGGRESSIVE;
				CLANG_WARN_UNREACHABLE_CODE = YES;
				CLANG_WARN__DUPLICATE_METHOD_MATCH = YES;
				COPY_PHASE_STRIP = NO;
				DEBUG_INFORMATION_FORMAT = dwarf;
				ENABLE_STRICT_OBJC_MSGSEND = YES;
				ENABLE_TESTABILITY = YES;
				GCC_C_LANGUAGE_STANDARD = gnu11;
				GCC_DYNAMIC_NO_PIC = NO;
				GCC_NO_COMMON_BLOCKS = YES;
				GCC_OPTIMIZATION_LEVEL = 0;
				GCC_PREPROCESSOR_DEFINITIONS = (
					"DEBUG=1",
					"$(inherited)",
				);
				GCC_WARN_64_TO_32_BIT_CONVERSION = YES;
				GCC_WARN_ABOUT_RETURN_TYPE = YES_ERROR;
				GCC_WARN_UNDECLARED_SELECTOR = YES;
				GCC_WARN_UNINITIALIZED_AUTOS = YES_AGGRESSIVE;
				GCC_WARN_UNUSED_FUNCTION = YES;
				GCC_WARN_UNUSED_VARIABLE = YES;
				IPHONEOS_DEPLOYMENT_TARGET = 13.6;
				MTL_ENABLE_DEBUG_INFO = INCLUDE_SOURCE;
				MTL_FAST_MATH = YES;
				ONLY_ACTIVE_ARCH = YES;
				SDKROOT = iphoneos;
				SWIFT_ACTIVE_COMPILATION_CONDITIONS = DEBUG;
				SWIFT_OPTIMIZATION_LEVEL = "-Onone";
			};
			name = Debug;
		};
		B184FA3524EF3FBB0030C510 /* Release */ = {
			isa = XCBuildConfiguration;
			buildSettings = {
				ALWAYS_SEARCH_USER_PATHS = NO;
				CLANG_ANALYZER_NONNULL = YES;
				CLANG_ANALYZER_NUMBER_OBJECT_CONVERSION = YES_AGGRESSIVE;
				CLANG_CXX_LANGUAGE_STANDARD = "gnu++14";
				CLANG_CXX_LIBRARY = "libc++";
				CLANG_ENABLE_MODULES = YES;
				CLANG_ENABLE_OBJC_ARC = YES;
				CLANG_ENABLE_OBJC_WEAK = YES;
				CLANG_WARN_BLOCK_CAPTURE_AUTORELEASING = YES;
				CLANG_WARN_BOOL_CONVERSION = YES;
				CLANG_WARN_COMMA = YES;
				CLANG_WARN_CONSTANT_CONVERSION = YES;
				CLANG_WARN_DEPRECATED_OBJC_IMPLEMENTATIONS = YES;
				CLANG_WARN_DIRECT_OBJC_ISA_USAGE = YES_ERROR;
				CLANG_WARN_DOCUMENTATION_COMMENTS = YES;
				CLANG_WARN_EMPTY_BODY = YES;
				CLANG_WARN_ENUM_CONVERSION = YES;
				CLANG_WARN_INFINITE_RECURSION = YES;
				CLANG_WARN_INT_CONVERSION = YES;
				CLANG_WARN_NON_LITERAL_NULL_CONVERSION = YES;
				CLANG_WARN_OBJC_IMPLICIT_RETAIN_SELF = YES;
				CLANG_WARN_OBJC_LITERAL_CONVERSION = YES;
				CLANG_WARN_OBJC_ROOT_CLASS = YES_ERROR;
				CLANG_WARN_RANGE_LOOP_ANALYSIS = YES;
				CLANG_WARN_STRICT_PROTOTYPES = YES;
				CLANG_WARN_SUSPICIOUS_MOVE = YES;
				CLANG_WARN_UNGUARDED_AVAILABILITY = YES_AGGRESSIVE;
				CLANG_WARN_UNREACHABLE_CODE = YES;
				CLANG_WARN__DUPLICATE_METHOD_MATCH = YES;
				COPY_PHASE_STRIP = NO;
				DEBUG_INFORMATION_FORMAT = "dwarf-with-dsym";
				ENABLE_NS_ASSERTIONS = NO;
				ENABLE_STRICT_OBJC_MSGSEND = YES;
				GCC_C_LANGUAGE_STANDARD = gnu11;
				GCC_NO_COMMON_BLOCKS = YES;
				GCC_WARN_64_TO_32_BIT_CONVERSION = YES;
				GCC_WARN_ABOUT_RETURN_TYPE = YES_ERROR;
				GCC_WARN_UNDECLARED_SELECTOR = YES;
				GCC_WARN_UNINITIALIZED_AUTOS = YES_AGGRESSIVE;
				GCC_WARN_UNUSED_FUNCTION = YES;
				GCC_WARN_UNUSED_VARIABLE = YES;
				IPHONEOS_DEPLOYMENT_TARGET = 13.6;
				MTL_ENABLE_DEBUG_INFO = NO;
				MTL_FAST_MATH = YES;
				SDKROOT = iphoneos;
				SWIFT_COMPILATION_MODE = wholemodule;
				SWIFT_OPTIMIZATION_LEVEL = "-O";
				VALIDATE_PRODUCT = YES;
			};
			name = Release;
		};
		B184FA3724EF3FBB0030C510 /* Debug */ = {
			isa = XCBuildConfiguration;
			baseConfigurationReference = 09BB050F67F4292152B80936 /* Pods-PaymentWallTask.debug.xcconfig */;
			buildSettings = {
				ASSETCATALOG_COMPILER_APPICON_NAME = AppIcon;
				CODE_SIGN_STYLE = Automatic;
				DEVELOPMENT_TEAM = U9VXC5VK35;
				INFOPLIST_FILE = PaymentWallTask/Info.plist;
				IPHONEOS_DEPLOYMENT_TARGET = 12.4;
				LD_RUNPATH_SEARCH_PATHS = (
					"$(inherited)",
					"@executable_path/Frameworks",
				);
				PRODUCT_BUNDLE_IDENTIFIER = com.task.PaymentWallTask;
				PRODUCT_NAME = "$(TARGET_NAME)";
				SWIFT_VERSION = 5.0;
				TARGETED_DEVICE_FAMILY = 1;
			};
			name = Debug;
		};
		B184FA3824EF3FBB0030C510 /* Release */ = {
			isa = XCBuildConfiguration;
			baseConfigurationReference = 55AB58265DB91DA8551FA5D1 /* Pods-PaymentWallTask.release.xcconfig */;
			buildSettings = {
				ASSETCATALOG_COMPILER_APPICON_NAME = AppIcon;
				CODE_SIGN_STYLE = Automatic;
				DEVELOPMENT_TEAM = U9VXC5VK35;
				INFOPLIST_FILE = PaymentWallTask/Info.plist;
				IPHONEOS_DEPLOYMENT_TARGET = 12.4;
				LD_RUNPATH_SEARCH_PATHS = (
					"$(inherited)",
					"@executable_path/Frameworks",
				);
				PRODUCT_BUNDLE_IDENTIFIER = com.task.PaymentWallTask;
				PRODUCT_NAME = "$(TARGET_NAME)";
				SWIFT_VERSION = 5.0;
				TARGETED_DEVICE_FAMILY = 1;
			};
			name = Release;
		};
/* End XCBuildConfiguration section */

/* Begin XCConfigurationList section */
		B184FA1D24EF3FBA0030C510 /* Build configuration list for PBXProject "PaymentWallTask" */ = {
			isa = XCConfigurationList;
			buildConfigurations = (
				B184FA3424EF3FBB0030C510 /* Debug */,
				B184FA3524EF3FBB0030C510 /* Release */,
			);
			defaultConfigurationIsVisible = 0;
			defaultConfigurationName = Release;
		};
		B184FA3624EF3FBB0030C510 /* Build configuration list for PBXNativeTarget "PaymentWallTask" */ = {
			isa = XCConfigurationList;
			buildConfigurations = (
				B184FA3724EF3FBB0030C510 /* Debug */,
				B184FA3824EF3FBB0030C510 /* Release */,
			);
			defaultConfigurationIsVisible = 0;
			defaultConfigurationName = Release;
		};
/* End XCConfigurationList section */

/* Begin XCVersionGroup section */
		B1A9CE7E24F18FAC00B61776 /* PaymentWall.xcdatamodeld */ = {
			isa = XCVersionGroup;
			children = (
				B1A9CE7F24F18FAC00B61776 /* PaymentWall.xcdatamodel */,
			);
			currentVersion = B1A9CE7F24F18FAC00B61776 /* PaymentWall.xcdatamodel */;
			path = PaymentWall.xcdatamodeld;
			sourceTree = "<group>";
			versionGroupType = wrapper.xcdatamodel;
		};
/* End XCVersionGroup section */
	};
	rootObject = B184FA1A24EF3FBA0030C510 /* Project object */;
}
